// !$*UTF8*$!
{
	archiveVersion = 1;
	classes = {
	};
	objectVersion = 50;
	objects = {

/* Begin PBXBuildFile section */
		275704D8251D3E84004A1B70 /* UnitsAndModes.swift in Sources */ = {isa = PBXBuildFile; fileRef = 275704D7251D3E83004A1B70 /* UnitsAndModes.swift */; };
		27585E33251FCE9E003AEE22 /* ViewController.swift in Sources */ = {isa = PBXBuildFile; fileRef = 27585E31251FCE9D003AEE22 /* ViewController.swift */; };
		27585E3C251FD0F2003AEE22 /* SettingViewController.swift in Sources */ = {isa = PBXBuildFile; fileRef = 27585E3B251FD0F2003AEE22 /* SettingViewController.swift */; };
		27D928CA251D01B800D4323E /* AppDelegate.swift in Sources */ = {isa = PBXBuildFile; fileRef = 27D928C9251D01B800D4323E /* AppDelegate.swift */; };
		27D928CC251D01B800D4323E /* SceneDelegate.swift in Sources */ = {isa = PBXBuildFile; fileRef = 27D928CB251D01B800D4323E /* SceneDelegate.swift */; };
		27D928D1251D01B800D4323E /* Main.storyboard in Resources */ = {isa = PBXBuildFile; fileRef = 27D928CF251D01B800D4323E /* Main.storyboard */; };
		27D928D3251D01BA00D4323E /* Assets.xcassets in Resources */ = {isa = PBXBuildFile; fileRef = 27D928D2251D01BA00D4323E /* Assets.xcassets */; };
		27D928D6251D01BA00D4323E /* LaunchScreen.storyboard in Resources */ = {isa = PBXBuildFile; fileRef = 27D928D4251D01BA00D4323E /* LaunchScreen.storyboard */; };
		27D928E1251D01BA00D4323E /* HW3Tests.swift in Sources */ = {isa = PBXBuildFile; fileRef = 27D928E0251D01BA00D4323E /* HW3Tests.swift */; };
		27D928EC251D01BA00D4323E /* HW3UITests.swift in Sources */ = {isa = PBXBuildFile; fileRef = 27D928EB251D01BA00D4323E /* HW3UITests.swift */; };
		27D928FD251D032700D4323E /* DecimalMinusTextField.swift in Sources */ = {isa = PBXBuildFile; fileRef = 27D928FC251D032700D4323E /* DecimalMinusTextField.swift */; };
/* End PBXBuildFile section */

/* Begin PBXContainerItemProxy section */
		27D928DD251D01BA00D4323E /* PBXContainerItemProxy */ = {
			isa = PBXContainerItemProxy;
			containerPortal = 27D928BE251D01B800D4323E /* Project object */;
			proxyType = 1;
			remoteGlobalIDString = 27D928C5251D01B800D4323E;
			remoteInfo = HW3;
		};
		27D928E8251D01BA00D4323E /* PBXContainerItemProxy */ = {
			isa = PBXContainerItemProxy;
			containerPortal = 27D928BE251D01B800D4323E /* Project object */;
			proxyType = 1;
			remoteGlobalIDString = 27D928C5251D01B800D4323E;
			remoteInfo = HW3;
		};
/* End PBXContainerItemProxy section */

/* Begin PBXFileReference section */
		275704D7251D3E83004A1B70 /* UnitsAndModes.swift */ = {isa = PBXFileReference; fileEncoding = 4; lastKnownFileType = sourcecode.swift; path = UnitsAndModes.swift; sourceTree = "<group>"; };
		27585E31251FCE9D003AEE22 /* ViewController.swift */ = {isa = PBXFileReference; fileEncoding = 4; lastKnownFileType = sourcecode.swift; path = ViewController.swift; sourceTree = "<group>"; };
		27585E3B251FD0F2003AEE22 /* SettingViewController.swift */ = {isa = PBXFileReference; lastKnownFileType = sourcecode.swift; name = SettingViewController.swift; path = /Users/mike/Desktop/HW3/HW3/SettingViewController.swift; sourceTree = "<absolute>"; };
		27D928C6251D01B800D4323E /* HW3.app */ = {isa = PBXFileReference; explicitFileType = wrapper.application; includeInIndex = 0; path = HW3.app; sourceTree = BUILT_PRODUCTS_DIR; };
		27D928C9251D01B800D4323E /* AppDelegate.swift */ = {isa = PBXFileReference; lastKnownFileType = sourcecode.swift; path = AppDelegate.swift; sourceTree = "<group>"; };
		27D928CB251D01B800D4323E /* SceneDelegate.swift */ = {isa = PBXFileReference; lastKnownFileType = sourcecode.swift; path = SceneDelegate.swift; sourceTree = "<group>"; };
		27D928D0251D01B800D4323E /* Base */ = {isa = PBXFileReference; lastKnownFileType = file.storyboard; name = Base; path = Base.lproj/Main.storyboard; sourceTree = "<group>"; };
		27D928D2251D01BA00D4323E /* Assets.xcassets */ = {isa = PBXFileReference; lastKnownFileType = folder.assetcatalog; path = Assets.xcassets; sourceTree = "<group>"; };
		27D928D5251D01BA00D4323E /* Base */ = {isa = PBXFileReference; lastKnownFileType = file.storyboard; name = Base; path = Base.lproj/LaunchScreen.storyboard; sourceTree = "<group>"; };
		27D928D7251D01BA00D4323E /* Info.plist */ = {isa = PBXFileReference; lastKnownFileType = text.plist.xml; path = Info.plist; sourceTree = "<group>"; };
		27D928DC251D01BA00D4323E /* HW3Tests.xctest */ = {isa = PBXFileReference; explicitFileType = wrapper.cfbundle; includeInIndex = 0; path = HW3Tests.xctest; sourceTree = BUILT_PRODUCTS_DIR; };
		27D928E0251D01BA00D4323E /* HW3Tests.swift */ = {isa = PBXFileReference; lastKnownFileType = sourcecode.swift; path = HW3Tests.swift; sourceTree = "<group>"; };
		27D928E2251D01BA00D4323E /* Info.plist */ = {isa = PBXFileReference; lastKnownFileType = text.plist.xml; path = Info.plist; sourceTree = "<group>"; };
		27D928E7251D01BA00D4323E /* HW3UITests.xctest */ = {isa = PBXFileReference; explicitFileType = wrapper.cfbundle; includeInIndex = 0; path = HW3UITests.xctest; sourceTree = BUILT_PRODUCTS_DIR; };
		27D928EB251D01BA00D4323E /* HW3UITests.swift */ = {isa = PBXFileReference; lastKnownFileType = sourcecode.swift; path = HW3UITests.swift; sourceTree = "<group>"; };
		27D928ED251D01BA00D4323E /* Info.plist */ = {isa = PBXFileReference; lastKnownFileType = text.plist.xml; path = Info.plist; sourceTree = "<group>"; };
		27D928FC251D032700D4323E /* DecimalMinusTextField.swift */ = {isa = PBXFileReference; fileEncoding = 4; lastKnownFileType = sourcecode.swift; name = DecimalMinusTextField.swift; path = "../../../Downloads/DecimalMinusTextField-master/DecimalMinusTextField.swift"; sourceTree = "<group>"; };
/* End PBXFileReference section */

/* Begin PBXFrameworksBuildPhase section */
		27D928C3251D01B800D4323E /* Frameworks */ = {
			isa = PBXFrameworksBuildPhase;
			buildActionMask = 2147483647;
			files = (
			);
			runOnlyForDeploymentPostprocessing = 0;
		};
		27D928D9251D01BA00D4323E /* Frameworks */ = {
			isa = PBXFrameworksBuildPhase;
			buildActionMask = 2147483647;
			files = (
			);
			runOnlyForDeploymentPostprocessing = 0;
		};
		27D928E4251D01BA00D4323E /* Frameworks */ = {
			isa = PBXFrameworksBuildPhase;
			buildActionMask = 2147483647;
			files = (
			);
			runOnlyForDeploymentPostprocessing = 0;
		};
/* End PBXFrameworksBuildPhase section */

/* Begin PBXGroup section */
		27D928BD251D01B800D4323E = {
			isa = PBXGroup;
			children = (
				27D928C8251D01B800D4323E /* HW3 */,
				27D928DF251D01BA00D4323E /* HW3Tests */,
				27D928EA251D01BA00D4323E /* HW3UITests */,
				27D928C7251D01B800D4323E /* Products */,
			);
			sourceTree = "<group>";
		};
		27D928C7251D01B800D4323E /* Products */ = {
			isa = PBXGroup;
			children = (
				27D928C6251D01B800D4323E /* HW3.app */,
				27D928DC251D01BA00D4323E /* HW3Tests.xctest */,
				27D928E7251D01BA00D4323E /* HW3UITests.xctest */,
			);
			name = Products;
			sourceTree = "<group>";
		};
		27D928C8251D01B800D4323E /* HW3 */ = {
			isa = PBXGroup;
			children = (
				27D928C9251D01B800D4323E /* AppDelegate.swift */,
				27D928FC251D032700D4323E /* DecimalMinusTextField.swift */,
				27D928CB251D01B800D4323E /* SceneDelegate.swift */,
				27585E3B251FD0F2003AEE22 /* SettingViewController.swift */,
				275704D7251D3E83004A1B70 /* UnitsAndModes.swift */,
				27585E31251FCE9D003AEE22 /* ViewController.swift */,
				27D928CF251D01B800D4323E /* Main.storyboard */,
				27D928D2251D01BA00D4323E /* Assets.xcassets */,
				27D928D4251D01BA00D4323E /* LaunchScreen.storyboard */,
				27D928D7251D01BA00D4323E /* Info.plist */,
			);
			path = HW3;
			sourceTree = "<group>";
		};
		27D928DF251D01BA00D4323E /* HW3Tests */ = {
			isa = PBXGroup;
			children = (
				27D928E0251D01BA00D4323E /* HW3Tests.swift */,
				27D928E2251D01BA00D4323E /* Info.plist */,
			);
			path = HW3Tests;
			sourceTree = "<group>";
		};
		27D928EA251D01BA00D4323E /* HW3UITests */ = {
			isa = PBXGroup;
			children = (
				27D928EB251D01BA00D4323E /* HW3UITests.swift */,
				27D928ED251D01BA00D4323E /* Info.plist */,
			);
			path = HW3UITests;
			sourceTree = "<group>";
		};
/* End PBXGroup section */

/* Begin PBXNativeTarget section */
		27D928C5251D01B800D4323E /* HW3 */ = {
			isa = PBXNativeTarget;
			buildConfigurationList = 27D928F0251D01BA00D4323E /* Build configuration list for PBXNativeTarget "HW3" */;
			buildPhases = (
				27D928C2251D01B800D4323E /* Sources */,
				27D928C3251D01B800D4323E /* Frameworks */,
				27D928C4251D01B800D4323E /* Resources */,
			);
			buildRules = (
			);
			dependencies = (
			);
			name = HW3;
			productName = HW3;
			productReference = 27D928C6251D01B800D4323E /* HW3.app */;
			productType = "com.apple.product-type.application";
		};
		27D928DB251D01BA00D4323E /* HW3Tests */ = {
			isa = PBXNativeTarget;
			buildConfigurationList = 27D928F3251D01BA00D4323E /* Build configuration list for PBXNativeTarget "HW3Tests" */;
			buildPhases = (
				27D928D8251D01BA00D4323E /* Sources */,
				27D928D9251D01BA00D4323E /* Frameworks */,
				27D928DA251D01BA00D4323E /* Resources */,
			);
			buildRules = (
			);
			dependencies = (
				27D928DE251D01BA00D4323E /* PBXTargetDependency */,
			);
			name = HW3Tests;
			productName = HW3Tests;
			productReference = 27D928DC251D01BA00D4323E /* HW3Tests.xctest */;
			productType = "com.apple.product-type.bundle.unit-test";
		};
		27D928E6251D01BA00D4323E /* HW3UITests */ = {
			isa = PBXNativeTarget;
			buildConfigurationList = 27D928F6251D01BA00D4323E /* Build configuration list for PBXNativeTarget "HW3UITests" */;
			buildPhases = (
				27D928E3251D01BA00D4323E /* Sources */,
				27D928E4251D01BA00D4323E /* Frameworks */,
				27D928E5251D01BA00D4323E /* Resources */,
			);
			buildRules = (
			);
			dependencies = (
				27D928E9251D01BA00D4323E /* PBXTargetDependency */,
			);
			name = HW3UITests;
			productName = HW3UITests;
			productReference = 27D928E7251D01BA00D4323E /* HW3UITests.xctest */;
			productType = "com.apple.product-type.bundle.ui-testing";
		};
/* End PBXNativeTarget section */

/* Begin PBXProject section */
		27D928BE251D01B800D4323E /* Project object */ = {
			isa = PBXProject;
			attributes = {
				LastSwiftUpdateCheck = 1200;
				LastUpgradeCheck = 1200;
				TargetAttributes = {
					27D928C5251D01B800D4323E = {
						CreatedOnToolsVersion = 12.0;
					};
					27D928DB251D01BA00D4323E = {
						CreatedOnToolsVersion = 12.0;
						TestTargetID = 27D928C5251D01B800D4323E;
					};
					27D928E6251D01BA00D4323E = {
						CreatedOnToolsVersion = 12.0;
						TestTargetID = 27D928C5251D01B800D4323E;
					};
				};
			};
			buildConfigurationList = 27D928C1251D01B800D4323E /* Build configuration list for PBXProject "HW3" */;
			compatibilityVersion = "Xcode 9.3";
			developmentRegion = en;
			hasScannedForEncodings = 0;
			knownRegions = (
				en,
				Base,
			);
			mainGroup = 27D928BD251D01B800D4323E;
			productRefGroup = 27D928C7251D01B800D4323E /* Products */;
			projectDirPath = "";
			projectRoot = "";
			targets = (
				27D928C5251D01B800D4323E /* HW3 */,
				27D928DB251D01BA00D4323E /* HW3Tests */,
				27D928E6251D01BA00D4323E /* HW3UITests */,
			);
		};
/* End PBXProject section */

/* Begin PBXResourcesBuildPhase section */
		27D928C4251D01B800D4323E /* Resources */ = {
			isa = PBXResourcesBuildPhase;
			buildActionMask = 2147483647;
			files = (
				27D928D6251D01BA00D4323E /* LaunchScreen.storyboard in Resources */,
				27D928D3251D01BA00D4323E /* Assets.xcassets in Resources */,
				27D928D1251D01B800D4323E /* Main.storyboard in Resources */,
			);
			runOnlyForDeploymentPostprocessing = 0;
		};
		27D928DA251D01BA00D4323E /* Resources */ = {
			isa = PBXResourcesBuildPhase;
			buildActionMask = 2147483647;
			files = (
			);
			runOnlyForDeploymentPostprocessing = 0;
		};
		27D928E5251D01BA00D4323E /* Resources */ = {
			isa = PBXResourcesBuildPhase;
			buildActionMask = 2147483647;
			files = (
			);
			runOnlyForDeploymentPostprocessing = 0;
		};
/* End PBXResourcesBuildPhase section */

/* Begin PBXSourcesBuildPhase section */
		27D928C2251D01B800D4323E /* Sources */ = {
			isa = PBXSourcesBuildPhase;
			buildActionMask = 2147483647;
			files = (
				27585E33251FCE9E003AEE22 /* ViewController.swift in Sources */,
				27D928CA251D01B800D4323E /* AppDelegate.swift in Sources */,
				275704D8251D3E84004A1B70 /* UnitsAndModes.swift in Sources */,
				27D928FD251D032700D4323E /* DecimalMinusTextField.swift in Sources */,
				27D928CC251D01B800D4323E /* SceneDelegate.swift in Sources */,
				27585E3C251FD0F2003AEE22 /* SettingViewController.swift in Sources */,
			);
			runOnlyForDeploymentPostprocessing = 0;
		};
		27D928D8251D01BA00D4323E /* Sources */ = {
			isa = PBXSourcesBuildPhase;
			buildActionMask = 2147483647;
			files = (
				27D928E1251D01BA00D4323E /* HW3Tests.swift in Sources */,
			);
			runOnlyForDeploymentPostprocessing = 0;
		};
		27D928E3251D01BA00D4323E /* Sources */ = {
			isa = PBXSourcesBuildPhase;
			buildActionMask = 2147483647;
			files = (
				27D928EC251D01BA00D4323E /* HW3UITests.swift in Sources */,
			);
			runOnlyForDeploymentPostprocessing = 0;
		};
/* End PBXSourcesBuildPhase section */

/* Begin PBXTargetDependency section */
		27D928DE251D01BA00D4323E /* PBXTargetDependency */ = {
			isa = PBXTargetDependency;
			target = 27D928C5251D01B800D4323E /* HW3 */;
			targetProxy = 27D928DD251D01BA00D4323E /* PBXContainerItemProxy */;
		};
		27D928E9251D01BA00D4323E /* PBXTargetDependency */ = {
			isa = PBXTargetDependency;
			target = 27D928C5251D01B800D4323E /* HW3 */;
			targetProxy = 27D928E8251D01BA00D4323E /* PBXContainerItemProxy */;
		};
/* End PBXTargetDependency section */

/* Begin PBXVariantGroup section */
		27D928CF251D01B800D4323E /* Main.storyboard */ = {
			isa = PBXVariantGroup;
			children = (
				27D928D0251D01B800D4323E /* Base */,
			);
			name = Main.storyboard;
			sourceTree = "<group>";
		};
		27D928D4251D01BA00D4323E /* LaunchScreen.storyboard */ = {
			isa = PBXVariantGroup;
			children = (
				27D928D5251D01BA00D4323E /* Base */,
			);
			name = LaunchScreen.storyboard;
			sourceTree = "<group>";
		};
/* End PBXVariantGroup section */

/* Begin XCBuildConfiguration section */
		27D928EE251D01BA00D4323E /* Debug */ = {
			isa = XCBuildConfiguration;
			buildSettings = {
				ALWAYS_SEARCH_USER_PATHS = NO;
				CLANG_ANALYZER_NONNULL = YES;
				CLANG_ANALYZER_NUMBER_OBJECT_CONVERSION = YES_AGGRESSIVE;
				CLANG_CXX_LANGUAGE_STANDARD = "gnu++14";
				CLANG_CXX_LIBRARY = "libc++";
				CLANG_ENABLE_MODULES = YES;
				CLANG_ENABLE_OBJC_ARC = YES;
				CLANG_ENABLE_OBJC_WEAK = YES;
				CLANG_WARN_BLOCK_CAPTURE_AUTORELEASING = YES;
				CLANG_WARN_BOOL_CONVERSION = YES;
				CLANG_WARN_COMMA = YES;
				CLANG_WARN_CONSTANT_CONVERSION = YES;
				CLANG_WARN_DEPRECATED_OBJC_IMPLEMENTATIONS = YES;
				CLANG_WARN_DIRECT_OBJC_ISA_USAGE = YES_ERROR;
				CLANG_WARN_DOCUMENTATION_COMMENTS = YES;
				CLANG_WARN_EMPTY_BODY = YES;
				CLANG_WARN_ENUM_CONVERSION = YES;
				CLANG_WARN_INFINITE_RECURSION = YES;
				CLANG_WARN_INT_CONVERSION = YES;
				CLANG_WARN_NON_LITERAL_NULL_CONVERSION = YES;
				CLANG_WARN_OBJC_IMPLICIT_RETAIN_SELF = YES;
				CLANG_WARN_OBJC_LITERAL_CONVERSION = YES;
				CLANG_WARN_OBJC_ROOT_CLASS = YES_ERROR;
				CLANG_WARN_QUOTED_INCLUDE_IN_FRAMEWORK_HEADER = YES;
				CLANG_WARN_RANGE_LOOP_ANALYSIS = YES;
				CLANG_WARN_STRICT_PROTOTYPES = YES;
				CLANG_WARN_SUSPICIOUS_MOVE = YES;
				CLANG_WARN_UNGUARDED_AVAILABILITY = YES_AGGRESSIVE;
				CLANG_WARN_UNREACHABLE_CODE = YES;
				CLANG_WARN__DUPLICATE_METHOD_MATCH = YES;
				COPY_PHASE_STRIP = NO;
				DEBUG_INFORMATION_FORMAT = dwarf;
				ENABLE_STRICT_OBJC_MSGSEND = YES;
				ENABLE_TESTABILITY = YES;
				GCC_C_LANGUAGE_STANDARD = gnu11;
				GCC_DYNAMIC_NO_PIC = NO;
				GCC_NO_COMMON_BLOCKS = YES;
				GCC_OPTIMIZATION_LEVEL = 0;
				GCC_PREPROCESSOR_DEFINITIONS = (
					"DEBUG=1",
					"$(inherited)",
				);
				GCC_WARN_64_TO_32_BIT_CONVERSION = YES;
				GCC_WARN_ABOUT_RETURN_TYPE = YES_ERROR;
				GCC_WARN_UNDECLARED_SELECTOR = YES;
				GCC_WARN_UNINITIALIZED_AUTOS = YES_AGGRESSIVE;
				GCC_WARN_UNUSED_FUNCTION = YES;
				GCC_WARN_UNUSED_VARIABLE = YES;
				IPHONEOS_DEPLOYMENT_TARGET = 14.0;
				MTL_ENABLE_DEBUG_INFO = INCLUDE_SOURCE;
				MTL_FAST_MATH = YES;
				ONLY_ACTIVE_ARCH = YES;
				SDKROOT = iphoneos;
				SWIFT_ACTIVE_COMPILATION_CONDITIONS = DEBUG;
				SWIFT_OPTIMIZATION_LEVEL = "-Onone";
			};
			name = Debug;
		};
		27D928EF251D01BA00D4323E /* Release */ = {
			isa = XCBuildConfiguration;
			buildSettings = {
				ALWAYS_SEARCH_USER_PATHS = NO;
				CLANG_ANALYZER_NONNULL = YES;
				CLANG_ANALYZER_NUMBER_OBJECT_CONVERSION = YES_AGGRESSIVE;
				CLANG_CXX_LANGUAGE_STANDARD = "gnu++14";
				CLANG_CXX_LIBRARY = "libc++";
				CLANG_ENABLE_MODULES = YES;
				CLANG_ENABLE_OBJC_ARC = YES;
				CLANG_ENABLE_OBJC_WEAK = YES;
				CLANG_WARN_BLOCK_CAPTURE_AUTORELEASING = YES;
				CLANG_WARN_BOOL_CONVERSION = YES;
				CLANG_WARN_COMMA = YES;
				CLANG_WARN_CONSTANT_CONVERSION = YES;
				CLANG_WARN_DEPRECATED_OBJC_IMPLEMENTATIONS = YES;
				CLANG_WARN_DIRECT_OBJC_ISA_USAGE = YES_ERROR;
				CLANG_WARN_DOCUMENTATION_COMMENTS = YES;
				CLANG_WARN_EMPTY_BODY = YES;
				CLANG_WARN_ENUM_CONVERSION = YES;
				CLANG_WARN_INFINITE_RECURSION = YES;
				CLANG_WARN_INT_CONVERSION = YES;
				CLANG_WARN_NON_LITERAL_NULL_CONVERSION = YES;
				CLANG_WARN_OBJC_IMPLICIT_RETAIN_SELF = YES;
				CLANG_WARN_OBJC_LITERAL_CONVERSION = YES;
				CLANG_WARN_OBJC_ROOT_CLASS = YES_ERROR;
				CLANG_WARN_QUOTED_INCLUDE_IN_FRAMEWORK_HEADER = YES;
				CLANG_WARN_RANGE_LOOP_ANALYSIS = YES;
				CLANG_WARN_STRICT_PROTOTYPES = YES;
				CLANG_WARN_SUSPICIOUS_MOVE = YES;
				CLANG_WARN_UNGUARDED_AVAILABILITY = YES_AGGRESSIVE;
				CLANG_WARN_UNREACHABLE_CODE = YES;
				CLANG_WARN__DUPLICATE_METHOD_MATCH = YES;
				COPY_PHASE_STRIP = NO;
				DEBUG_INFORMATION_FORMAT = "dwarf-with-dsym";
				ENABLE_NS_ASSERTIONS = NO;
				ENABLE_STRICT_OBJC_MSGSEND = YES;
				GCC_C_LANGUAGE_STANDARD = gnu11;
				GCC_NO_COMMON_BLOCKS = YES;
				GCC_WARN_64_TO_32_BIT_CONVERSION = YES;
				GCC_WARN_ABOUT_RETURN_TYPE = YES_ERROR;
				GCC_WARN_UNDECLARED_SELECTOR = YES;
				GCC_WARN_UNINITIALIZED_AUTOS = YES_AGGRESSIVE;
				GCC_WARN_UNUSED_FUNCTION = YES;
				GCC_WARN_UNUSED_VARIABLE = YES;
				IPHONEOS_DEPLOYMENT_TARGET = 14.0;
				MTL_ENABLE_DEBUG_INFO = NO;
				MTL_FAST_MATH = YES;
				SDKROOT = iphoneos;
				SWIFT_COMPILATION_MODE = wholemodule;
				SWIFT_OPTIMIZATION_LEVEL = "-O";
				VALIDATE_PRODUCT = YES;
			};
			name = Release;
		};
		27D928F1251D01BA00D4323E /* Debug */ = {
			isa = XCBuildConfiguration;
			buildSettings = {
				ASSETCATALOG_COMPILER_APPICON_NAME = AppIcon;
				ASSETCATALOG_COMPILER_GLOBAL_ACCENT_COLOR_NAME = AccentColor;
				CODE_SIGN_STYLE = Automatic;
				INFOPLIST_FILE = HW3/Info.plist;
				LD_RUNPATH_SEARCH_PATHS = (
					"$(inherited)",
					"@executable_path/Frameworks",
				);
				PRODUCT_BUNDLE_IDENTIFIER = GVSU.HW3;
				PRODUCT_NAME = "$(TARGET_NAME)";
				SWIFT_VERSION = 5.0;
				TARGETED_DEVICE_FAMILY = "1,2";
			};
			name = Debug;
		};
		27D928F2251D01BA00D4323E /* Release */ = {
			isa = XCBuildConfiguration;
			buildSettings = {
				ASSETCATALOG_COMPILER_APPICON_NAME = AppIcon;
				ASSETCATALOG_COMPILER_GLOBAL_ACCENT_COLOR_NAME = AccentColor;
				CODE_SIGN_STYLE = Automatic;
				INFOPLIST_FILE = HW3/Info.plist;
				LD_RUNPATH_SEARCH_PATHS = (
					"$(inherited)",
					"@executable_path/Frameworks",
				);
				PRODUCT_BUNDLE_IDENTIFIER = GVSU.HW3;
				PRODUCT_NAME = "$(TARGET_NAME)";
				SWIFT_VERSION = 5.0;
				TARGETED_DEVICE_FAMILY = "1,2";
			};
			name = Release;
		};
		27D928F4251D01BA00D4323E /* Debug */ = {
			isa = XCBuildConfiguration;
			buildSettings = {
				ALWAYS_EMBED_SWIFT_STANDARD_LIBRARIES = YES;
				BUNDLE_LOADER = "$(TEST_HOST)";
				CODE_SIGN_STYLE = Automatic;
				INFOPLIST_FILE = HW3Tests/Info.plist;
				IPHONEOS_DEPLOYMENT_TARGET = 14.0;
				LD_RUNPATH_SEARCH_PATHS = (
					"$(inherited)",
					"@executable_path/Frameworks",
					"@loader_path/Frameworks",
				);
				PRODUCT_BUNDLE_IDENTIFIER = GVSU.HW3Tests;
				PRODUCT_NAME = "$(TARGET_NAME)";
				SWIFT_VERSION = 5.0;
				TARGETED_DEVICE_FAMILY = "1,2";
				TEST_HOST = "$(BUILT_PRODUCTS_DIR)/HW3.app/HW3";
			};
			name = Debug;
		};
		27D928F5251D01BA00D4323E /* Release */ = {
			isa = XCBuildConfiguration;
			buildSettings = {
				ALWAYS_EMBED_SWIFT_STANDARD_LIBRARIES = YES;
				BUNDLE_LOADER = "$(TEST_HOST)";
				CODE_SIGN_STYLE = Automatic;
				INFOPLIST_FILE = HW3Tests/Info.plist;
				IPHONEOS_DEPLOYMENT_TARGET = 14.0;
				LD_RUNPATH_SEARCH_PATHS = (
					"$(inherited)",
					"@executable_path/Frameworks",
					"@loader_path/Frameworks",
				);
				PRODUCT_BUNDLE_IDENTIFIER = GVSU.HW3Tests;
				PRODUCT_NAME = "$(TARGET_NAME)";
				SWIFT_VERSION = 5.0;
				TARGETED_DEVICE_FAMILY = "1,2";
				TEST_HOST = "$(BUILT_PRODUCTS_DIR)/HW3.app/HW3";
			};
			name = Release;
		};
		27D928F7251D01BA00D4323E /* Debug */ = {
			isa = XCBuildConfiguration;
			buildSettings = {
				ALWAYS_EMBED_SWIFT_STANDARD_LIBRARIES = YES;
				CODE_SIGN_STYLE = Automatic;
				INFOPLIST_FILE = HW3UITests/Info.plist;
				LD_RUNPATH_SEARCH_PATHS = (
					"$(inherited)",
					"@executable_path/Frameworks",
					"@loader_path/Frameworks",
				);
				PRODUCT_BUNDLE_IDENTIFIER = GVSU.HW3UITests;
				PRODUCT_NAME = "$(TARGET_NAME)";
				SWIFT_VERSION = 5.0;
				TARGETED_DEVICE_FAMILY = "1,2";
				TEST_TARGET_NAME = HW3;
			};
			name = Debug;
		};
		27D928F8251D01BA00D4323E /* Release */ = {
			isa = XCBuildConfiguration;
			buildSettings = {
				ALWAYS_EMBED_SWIFT_STANDARD_LIBRARIES = YES;
				CODE_SIGN_STYLE = Automatic;
				INFOPLIST_FILE = HW3UITests/Info.plist;
				LD_RUNPATH_SEARCH_PATHS = (
					"$(inherited)",
					"@executable_path/Frameworks",
					"@loader_path/Frameworks",
				);
				PRODUCT_BUNDLE_IDENTIFIER = GVSU.HW3UITests;
				PRODUCT_NAME = "$(TARGET_NAME)";
				SWIFT_VERSION = 5.0;
				TARGETED_DEVICE_FAMILY = "1,2";
				TEST_TARGET_NAME = HW3;
			};
			name = Release;
		};
/* End XCBuildConfiguration section */

/* Begin XCConfigurationList section */
		27D928C1251D01B800D4323E /* Build configuration list for PBXProject "HW3" */ = {
			isa = XCConfigurationList;
			buildConfigurations = (
				27D928EE251D01BA00D4323E /* Debug */,
				27D928EF251D01BA00D4323E /* Release */,
			);
			defaultConfigurationIsVisible = 0;
			defaultConfigurationName = Release;
		};
		27D928F0251D01BA00D4323E /* Build configuration list for PBXNativeTarget "HW3" */ = {
			isa = XCConfigurationList;
			buildConfigurations = (
				27D928F1251D01BA00D4323E /* Debug */,
				27D928F2251D01BA00D4323E /* Release */,
			);
			defaultConfigurationIsVisible = 0;
			defaultConfigurationName = Release;
		};
		27D928F3251D01BA00D4323E /* Build configuration list for PBXNativeTarget "HW3Tests" */ = {
			isa = XCConfigurationList;
			buildConfigurations = (
				27D928F4251D01BA00D4323E /* Debug */,
				27D928F5251D01BA00D4323E /* Release */,
			);
			defaultConfigurationIsVisible = 0;
			defaultConfigurationName = Release;
		};
		27D928F6251D01BA00D4323E /* Build configuration list for PBXNativeTarget "HW3UITests" */ = {
			isa = XCConfigurationList;
			buildConfigurations = (
				27D928F7251D01BA00D4323E /* Debug */,
				27D928F8251D01BA00D4323E /* Release */,
			);
			defaultConfigurationIsVisible = 0;
			defaultConfigurationName = Release;
		};
/* End XCConfigurationList section */
	};
	rootObject = 27D928BE251D01B800D4323E /* Project object */;
}
